# This file is generated by running "yarn install" inside your project.
# Manual changes might be lost - proceed with caution!

__metadata:
  version: 6
  cacheKey: 8

"@types/node@npm:^18.11.18":
  version: 18.11.18
  resolution: "@types/node@npm:18.11.18"
  checksum: 03f17f9480f8d775c8a72da5ea7e9383db5f6d85aa5fefde90dd953a1449bd5e4ffde376f139da4f3744b4c83942166d2a7603969a6f8ea826edfb16e6e3b49d
  languageName: node
  linkType: hard

"@types/prompt-sync@npm:^4.2.0":
  version: 4.2.0
  resolution: "@types/prompt-sync@npm:4.2.0"
  checksum: fda361bfc358e1f59e2328e62f9c15c9eb650a3707475711524bb8c6bc07175098d6ba76b21dca996d0d45a7a4f388de452debf84bf94cf9f214f733ce040082
  languageName: node
  linkType: hard

"ansi-regex@npm:^4.1.0":
  version: 4.1.1
  resolution: "ansi-regex@npm:4.1.1"
  checksum: b1a6ee44cb6ecdabaa770b2ed500542714d4395d71c7e5c25baa631f680fb2ad322eb9ba697548d498a6fd366949fc8b5bfcf48d49a32803611f648005b01888
  languageName: node
  linkType: hard

"chalk@npm:^5.2.0":
  version: 5.2.0
  resolution: "chalk@npm:5.2.0"
  checksum: 03d8060277de6cf2fd567dc25fcf770593eb5bb85f460ce443e49255a30ff1242edd0c90a06a03803b0466ff0687a939b41db1757bec987113e83de89a003caa
  languageName: node
  linkType: hard

"prompt-sync@npm:^4.2.0":
  version: 4.2.0
  resolution: "prompt-sync@npm:4.2.0"
  dependencies:
    strip-ansi: ^5.0.0
  checksum: b14dfb7d2520f384324b49a64c033e92cf2889e34a148037d66b0b89e43f530a93344aebf57c4abe3ae4e351080e22388f7141ea0fbc56b1b9a7f152d5d4a423
  languageName: node
  linkType: hard

"strip-ansi@npm:^5.0.0":
  version: 5.2.0
  resolution: "strip-ansi@npm:5.2.0"
  dependencies:
    ansi-regex: ^4.1.0
  checksum: bdb5f76ade97062bd88e7723aa019adbfacdcba42223b19ccb528ffb9fb0b89a5be442c663c4a3fb25268eaa3f6ea19c7c3fbae830bd1562d55adccae1fcec46
  languageName: node
  linkType: hard

"template-generator@workspace:.":
  version: 0.0.0-use.local
  resolution: "template-generator@workspace:."
  dependencies:
    "@types/node": ^18.11.18
    "@types/prompt-sync": ^4.2.0
    chalk: ^5.2.0
    prompt-sync: ^4.2.0
  languageName: unknown
  linkType: soft
